{
  "name": "array_utils",
  "version": "1.0.0",
  "lockfileVersion": 3,
  "requires": true,
  "packages": {
    "": {
      "name": "array_utils",
      "version": "1.0.0",
      "license": "ISC",
      "dependencies": {
        "array-utils-mayur": "^1.0.1"
      }
    },
    "node_modules/array-utils-mayur": {
      "version": "1.0.1",
      "resolved": "https://registry.npmjs.org/array-utils-mayur/-/array-utils-mayur-1.0.1.tgz",
      "integrity": "sha512-4WOfl++gJ/YHFIGjhnDLPnPEwaLYLQ0F+tcA41jZ0HTR9edWZmkyhE/6kiAuNaENB2fqe0Ektu0jbViNpVk76A=="
    }
  }
}
